
Microsoft Visual Studio Solution File, Format Version 11.00
# Visual Studio 2010
Project("{8BC9CEB8-8B4A-11D0-8D11-00A0C91BC942}") = "Gwk-NN_pdual", "Gwk-NN_pdual\Gwk-NN_pdual.vcxproj", "{0102C8E6-3461-4CD4-9BE7-4C94FD99949B}"
EndProject
Global
	GlobalSection(SolutionConfigurationPlatforms) = preSolution
		Debug|Win32 = Debug|Win32
		Release|Win32 = Release|Win32
	EndGlobalSection
	GlobalSection(ProjectConfigurationPlatforms) = postSolution
		{0102C8E6-3461-4CD4-9BE7-4C94FD99949B}.Debug|Win32.ActiveCfg = Debug|Win32
		{0102C8E6-3461-4CD4-9BE7-4C94FD99949B}.Debug|Win32.Build.0 = Debug|Win32
		{0102C8E6-3461-4CD4-9BE7-4C94FD99949B}.Release|Win32.ActiveCfg = Release|Win32
		{0102C8E6-3461-4CD4-9BE7-4C94FD99949B}.Release|Win32.Build.0 = Release|Win32
	EndGlobalSection
	GlobalSection(SolutionProperties) = preSolution
		HideSolutionNode = FALSE
	EndGlobalSection
EndGlobal
